
Microsoft Visual Studio Solution File, Format Version 12.00
# Visual Studio Version 16
VisualStudioVersion = 16.0.30309.148
MinimumVisualStudioVersion = 10.0.40219.1
Project("{FAE04EC0-301F-11D3-BF4B-00C04F79EFBC}") = "DockerTest", "DockerTest.csproj", "{913FA9B4-5F70-47E3-AD1E-EC675C87F5E5}"
EndProject
Global
	GlobalSection(SolutionConfigurationPlatforms) = preSolution
		Debug|Any CPU = Debug|Any CPU
		Release|Any CPU = Release|Any CPU
	EndGlobalSection
	GlobalSection(ProjectConfigurationPlatforms) = postSolution
		{913FA9B4-5F70-47E3-AD1E-EC675C87F5E5}.Debug|Any CPU.ActiveCfg = Debug|Any CPU
		{913FA9B4-5F70-47E3-AD1E-EC675C87F5E5}.Debug|Any CPU.Build.0 = Debug|Any CPU
		{913FA9B4-5F70-47E3-AD1E-EC675C87F5E5}.Release|Any CPU.ActiveCfg = Release|Any CPU
		{913FA9B4-5F70-47E3-AD1E-EC675C87F5E5}.Release|Any CPU.Build.0 = Release|Any CPU
	EndGlobalSection
	GlobalSection(SolutionProperties) = preSolution
		HideSolutionNode = FALSE
	EndGlobalSection
	GlobalSection(ExtensibilityGlobals) = postSolution
		SolutionGuid = {88DD1D97-C1D0-4ED6-9C00-5DB019D91D82}
	EndGlobalSection
EndGlobal
